
Microsoft Visual Studio Solution File, Format Version 12.00
# Visual Studio Version 17
VisualStudioVersion = 17.14.37027.9 d17.14
MinimumVisualStudioVersion = 10.0.40219.1
Project("{FAE04EC0-301F-11D3-BF4B-00C04F79EFBC}") = "AniPlayer", "AniPlayer.csproj", "{6A508730-E892-4629-A624-D465B4119ABB}"
EndProject
Global
	GlobalSection(SolutionConfigurationPlatforms) = preSolution
		Debug|Any CPU = Debug|Any CPU
		Release|Any CPU = Release|Any CPU
	EndGlobalSection
	GlobalSection(ProjectConfigurationPlatforms) = postSolution
		{6A508730-E892-4629-A624-D465B4119ABB}.Debug|Any CPU.ActiveCfg = Debug|Any CPU
		{6A508730-E892-4629-A624-D465B4119ABB}.Debug|Any CPU.Build.0 = Debug|Any CPU
		{6A508730-E892-4629-A624-D465B4119ABB}.Release|Any CPU.ActiveCfg = Release|Any CPU
		{6A508730-E892-4629-A624-D465B4119ABB}.Release|Any CPU.Build.0 = Release|Any CPU
	EndGlobalSection
	GlobalSection(SolutionProperties) = preSolution
		HideSolutionNode = FALSE
	EndGlobalSection
	GlobalSection(ExtensibilityGlobals) = postSolution
		SolutionGuid = {14012B30-A328-41BB-B5BE-4F4548301D3D}
	EndGlobalSection
EndGlobal
